
Microsoft Visual Studio Solution File, Format Version 12.00
# Visual Studio Version 16
VisualStudioVersion = 16.0.28729.10
MinimumVisualStudioVersion = 10.0.40219.1
Project("{8BC9CEB8-8B4A-11D0-8D11-00A0C91BC942}") = "main", "main\main.vcxproj", "{D79C2B14-2C6D-431A-B941-7D0824534DC1}"
EndProject
Project("{8BC9CEB8-8B4A-11D0-8D11-00A0C91BC942}") = "test", "test\test.vcxproj", "{95CD0252-99F1-4010-B3EF-DBB280970EF2}"
EndProject
Global
	GlobalSection(SolutionConfigurationPlatforms) = preSolution
		Debug|x64 = Debug|x64
		Debug|x86 = Debug|x86
		Release|x64 = Release|x64
		Release|x86 = Release|x86
	EndGlobalSection
	GlobalSection(ProjectConfigurationPlatforms) = postSolution
		{D79C2B14-2C6D-431A-B941-7D0824534DC1}.Debug|x64.ActiveCfg = Debug|x64
		{D79C2B14-2C6D-431A-B941-7D0824534DC1}.Debug|x64.Build.0 = Debug|x64
		{D79C2B14-2C6D-431A-B941-7D0824534DC1}.Debug|x86.ActiveCfg = Debug|Win32
		{D79C2B14-2C6D-431A-B941-7D0824534DC1}.Debug|x86.Build.0 = Debug|Win32
		{D79C2B14-2C6D-431A-B941-7D0824534DC1}.Release|x64.ActiveCfg = Release|x64
		{D79C2B14-2C6D-431A-B941-7D0824534DC1}.Release|x64.Build.0 = Release|x64
		{D79C2B14-2C6D-431A-B941-7D0824534DC1}.Release|x86.ActiveCfg = Release|Win32
		{D79C2B14-2C6D-431A-B941-7D0824534DC1}.Release|x86.Build.0 = Release|Win32
		{95CD0252-99F1-4010-B3EF-DBB280970EF2}.Debug|x64.ActiveCfg = Debug|x64
		{95CD0252-99F1-4010-B3EF-DBB280970EF2}.Debug|x64.Build.0 = Debug|x64
		{95CD0252-99F1-4010-B3EF-DBB280970EF2}.Debug|x86.ActiveCfg = Debug|Win32
		{95CD0252-99F1-4010-B3EF-DBB280970EF2}.Debug|x86.Build.0 = Debug|Win32
		{95CD0252-99F1-4010-B3EF-DBB280970EF2}.Release|x64.ActiveCfg = Release|x64
		{95CD0252-99F1-4010-B3EF-DBB280970EF2}.Release|x64.Build.0 = Release|x64
		{95CD0252-99F1-4010-B3EF-DBB280970EF2}.Release|x86.ActiveCfg = Release|Win32
		{95CD0252-99F1-4010-B3EF-DBB280970EF2}.Release|x86.Build.0 = Release|Win32
	EndGlobalSection
	GlobalSection(SolutionProperties) = preSolution
		HideSolutionNode = FALSE
	EndGlobalSection
	GlobalSection(ExtensibilityGlobals) = postSolution
		SolutionGuid = {F00284DB-AB85-468F-B677-5E2B4D916850}
	EndGlobalSection
EndGlobal
